
Microsoft Visual Studio Solution File, Format Version 12.00
# Visual Studio Version 16
VisualStudioVersion = 16.0.31624.102
MinimumVisualStudioVersion = 10.0.40219.1
Project("{FAE04EC0-301F-11D3-BF4B-00C04F79EFBC}") = "Zad", "Zad\Zad.csproj", "{B1306C96-2DA2-47DD-B237-4611CDCA70BC}"
EndProject
Global
	GlobalSection(SolutionConfigurationPlatforms) = preSolution
		Debug|Any CPU = Debug|Any CPU
		Release|Any CPU = Release|Any CPU
	EndGlobalSection
	GlobalSection(ProjectConfigurationPlatforms) = postSolution
		{B1306C96-2DA2-47DD-B237-4611CDCA70BC}.Debug|Any CPU.ActiveCfg = Debug|Any CPU
		{B1306C96-2DA2-47DD-B237-4611CDCA70BC}.Debug|Any CPU.Build.0 = Debug|Any CPU
		{B1306C96-2DA2-47DD-B237-4611CDCA70BC}.Release|Any CPU.ActiveCfg = Release|Any CPU
		{B1306C96-2DA2-47DD-B237-4611CDCA70BC}.Release|Any CPU.Build.0 = Release|Any CPU
	EndGlobalSection
	GlobalSection(SolutionProperties) = preSolution
		HideSolutionNode = FALSE
	EndGlobalSection
	GlobalSection(ExtensibilityGlobals) = postSolution
		SolutionGuid = {9E7AFAC0-ADE9-4C67-9551-05E264138E71}
	EndGlobalSection
EndGlobal
